// !$*UTF8*$!
{
	archiveVersion = 1;
	classes = {
	};
	objectVersion = 56;
	objects = {

/* Begin PBXBuildFile section */
		12393EDE2A1B72FB00174AF7 /* AppDelegate.swift in Sources */ = {isa = PBXBuildFile; fileRef = 12393EDD2A1B72FB00174AF7 /* AppDelegate.swift */; };
		12393EE02A1B72FB00174AF7 /* SceneDelegate.swift in Sources */ = {isa = PBXBuildFile; fileRef = 12393EDF2A1B72FB00174AF7 /* SceneDelegate.swift */; };
		12393EE22A1B72FB00174AF7 /* RMTabViewController.swift in Sources */ = {isa = PBXBuildFile; fileRef = 12393EE12A1B72FB00174AF7 /* RMTabViewController.swift */; };
		12393EE72A1B72FD00174AF7 /* Assets.xcassets in Resources */ = {isa = PBXBuildFile; fileRef = 12393EE62A1B72FD00174AF7 /* Assets.xcassets */; };
		12393EEA2A1B72FD00174AF7 /* LaunchScreen.storyboard in Resources */ = {isa = PBXBuildFile; fileRef = 12393EE82A1B72FD00174AF7 /* LaunchScreen.storyboard */; };
		125420262A446C580096FB93 /* RMLocation.swift in Sources */ = {isa = PBXBuildFile; fileRef = 125420252A446C580096FB93 /* RMLocation.swift */; };
		125420282A446C850096FB93 /* RMCharacter.swift in Sources */ = {isa = PBXBuildFile; fileRef = 125420272A446C850096FB93 /* RMCharacter.swift */; };
		1254202A2A446C9C0096FB93 /* RMEpisode.swift in Sources */ = {isa = PBXBuildFile; fileRef = 125420292A446C9C0096FB93 /* RMEpisode.swift */; };
		12C201782A446FB60031FBF3 /* RMCharacterViewController.swift in Sources */ = {isa = PBXBuildFile; fileRef = 12C201772A446FB60031FBF3 /* RMCharacterViewController.swift */; };
		12C2017A2A4470050031FBF3 /* RMLocationViewController.swift in Sources */ = {isa = PBXBuildFile; fileRef = 12C201792A4470050031FBF3 /* RMLocationViewController.swift */; };
		12C2017C2A44704E0031FBF3 /* RMEpisodeViewController.swift in Sources */ = {isa = PBXBuildFile; fileRef = 12C2017B2A44704E0031FBF3 /* RMEpisodeViewController.swift */; };
		12C2017E2A4471960031FBF3 /* RMSettingViewController.swift in Sources */ = {isa = PBXBuildFile; fileRef = 12C2017D2A4471960031FBF3 /* RMSettingViewController.swift */; };
		12C201802A447D960031FBF3 /* RMSoundsViewController.swift in Sources */ = {isa = PBXBuildFile; fileRef = 12C2017F2A447D960031FBF3 /* RMSoundsViewController.swift */; };
/* End PBXBuildFile section */

/* Begin PBXFileReference section */
		12393EDA2A1B72FB00174AF7 /* Rick and Morty.app */ = {isa = PBXFileReference; explicitFileType = wrapper.application; includeInIndex = 0; path = "Rick and Morty.app"; sourceTree = BUILT_PRODUCTS_DIR; };
		12393EDD2A1B72FB00174AF7 /* AppDelegate.swift */ = {isa = PBXFileReference; lastKnownFileType = sourcecode.swift; path = AppDelegate.swift; sourceTree = "<group>"; };
		12393EDF2A1B72FB00174AF7 /* SceneDelegate.swift */ = {isa = PBXFileReference; lastKnownFileType = sourcecode.swift; path = SceneDelegate.swift; sourceTree = "<group>"; };
		12393EE12A1B72FB00174AF7 /* RMTabViewController.swift */ = {isa = PBXFileReference; lastKnownFileType = sourcecode.swift; path = RMTabViewController.swift; sourceTree = "<group>"; };
		12393EE62A1B72FD00174AF7 /* Assets.xcassets */ = {isa = PBXFileReference; lastKnownFileType = folder.assetcatalog; path = Assets.xcassets; sourceTree = "<group>"; };
		12393EE92A1B72FD00174AF7 /* Base */ = {isa = PBXFileReference; lastKnownFileType = file.storyboard; name = Base; path = Base.lproj/LaunchScreen.storyboard; sourceTree = "<group>"; };
		12393EEB2A1B72FD00174AF7 /* Info.plist */ = {isa = PBXFileReference; lastKnownFileType = text.plist.xml; path = Info.plist; sourceTree = "<group>"; };
		125420252A446C580096FB93 /* RMLocation.swift */ = {isa = PBXFileReference; lastKnownFileType = sourcecode.swift; path = RMLocation.swift; sourceTree = "<group>"; };
		125420272A446C850096FB93 /* RMCharacter.swift */ = {isa = PBXFileReference; lastKnownFileType = sourcecode.swift; path = RMCharacter.swift; sourceTree = "<group>"; };
		125420292A446C9C0096FB93 /* RMEpisode.swift */ = {isa = PBXFileReference; lastKnownFileType = sourcecode.swift; path = RMEpisode.swift; sourceTree = "<group>"; };
		12C201772A446FB60031FBF3 /* RMCharacterViewController.swift */ = {isa = PBXFileReference; lastKnownFileType = sourcecode.swift; path = RMCharacterViewController.swift; sourceTree = "<group>"; };
		12C201792A4470050031FBF3 /* RMLocationViewController.swift */ = {isa = PBXFileReference; lastKnownFileType = sourcecode.swift; path = RMLocationViewController.swift; sourceTree = "<group>"; };
		12C2017B2A44704E0031FBF3 /* RMEpisodeViewController.swift */ = {isa = PBXFileReference; lastKnownFileType = sourcecode.swift; path = RMEpisodeViewController.swift; sourceTree = "<group>"; };
		12C2017D2A4471960031FBF3 /* RMSettingViewController.swift */ = {isa = PBXFileReference; lastKnownFileType = sourcecode.swift; path = RMSettingViewController.swift; sourceTree = "<group>"; };
		12C2017F2A447D960031FBF3 /* RMSoundsViewController.swift */ = {isa = PBXFileReference; lastKnownFileType = sourcecode.swift; path = RMSoundsViewController.swift; sourceTree = "<group>"; };
/* End PBXFileReference section */

/* Begin PBXFrameworksBuildPhase section */
		12393ED72A1B72FB00174AF7 /* Frameworks */ = {
			isa = PBXFrameworksBuildPhase;
			buildActionMask = 2147483647;
			files = (
			);
			runOnlyForDeploymentPostprocessing = 0;
		};
/* End PBXFrameworksBuildPhase section */

/* Begin PBXGroup section */
		12393ED12A1B72FB00174AF7 = {
			isa = PBXGroup;
			children = (
				12393EDC2A1B72FB00174AF7 /* Rick and Morty */,
				12393EDB2A1B72FB00174AF7 /* Products */,
			);
			sourceTree = "<group>";
		};
		12393EDB2A1B72FB00174AF7 /* Products */ = {
			isa = PBXGroup;
			children = (
				12393EDA2A1B72FB00174AF7 /* Rick and Morty.app */,
			);
			name = Products;
			sourceTree = "<group>";
		};
		12393EDC2A1B72FB00174AF7 /* Rick and Morty */ = {
			isa = PBXGroup;
			children = (
				125420242A446BB20096FB93 /* Resources */,
				125420222A446B700096FB93 /* Managers */,
				125420232A446B900096FB93 /* APIClients */,
				125420212A446B530096FB93 /* ViewsModels */,
				125420202A446B480096FB93 /* Views */,
				1254201F2A446B3A0096FB93 /* Models */,
				1254201E2A446B1E0096FB93 /* Controllers */,
				12393EEB2A1B72FD00174AF7 /* Info.plist */,
			);
			path = "Rick and Morty";
			sourceTree = "<group>";
		};
		1254201E2A446B1E0096FB93 /* Controllers */ = {
			isa = PBXGroup;
			children = (
				12C201762A446F390031FBF3 /* Core */,
			);
			path = Controllers;
			sourceTree = "<group>";
		};
		1254201F2A446B3A0096FB93 /* Models */ = {
			isa = PBXGroup;
			children = (
				125420252A446C580096FB93 /* RMLocation.swift */,
				125420272A446C850096FB93 /* RMCharacter.swift */,
				125420292A446C9C0096FB93 /* RMEpisode.swift */,
			);
			path = Models;
			sourceTree = "<group>";
		};
		125420202A446B480096FB93 /* Views */ = {
			isa = PBXGroup;
			children = (
			);
			path = Views;
			sourceTree = "<group>";
		};
		125420212A446B530096FB93 /* ViewsModels */ = {
			isa = PBXGroup;
			children = (
			);
			path = ViewsModels;
			sourceTree = "<group>";
		};
		125420222A446B700096FB93 /* Managers */ = {
			isa = PBXGroup;
			children = (
			);
			path = Managers;
			sourceTree = "<group>";
		};
		125420232A446B900096FB93 /* APIClients */ = {
			isa = PBXGroup;
			children = (
			);
			path = APIClients;
			sourceTree = "<group>";
		};
		125420242A446BB20096FB93 /* Resources */ = {
			isa = PBXGroup;
			children = (
				12393EDD2A1B72FB00174AF7 /* AppDelegate.swift */,
				12393EDF2A1B72FB00174AF7 /* SceneDelegate.swift */,
				12393EE82A1B72FD00174AF7 /* LaunchScreen.storyboard */,
				12393EE62A1B72FD00174AF7 /* Assets.xcassets */,
			);
			path = Resources;
			sourceTree = "<group>";
		};
		12C201762A446F390031FBF3 /* Core */ = {
			isa = PBXGroup;
			children = (
				12393EE12A1B72FB00174AF7 /* RMTabViewController.swift */,
				12C201772A446FB60031FBF3 /* RMCharacterViewController.swift */,
				12C201792A4470050031FBF3 /* RMLocationViewController.swift */,
				12C2017B2A44704E0031FBF3 /* RMEpisodeViewController.swift */,
				12C2017D2A4471960031FBF3 /* RMSettingViewController.swift */,
				12C2017F2A447D960031FBF3 /* RMSoundsViewController.swift */,
			);
			path = Core;
			sourceTree = "<group>";
		};
/* End PBXGroup section */

/* Begin PBXNativeTarget section */
		12393ED92A1B72FB00174AF7 /* Rick and Morty */ = {
			isa = PBXNativeTarget;
			buildConfigurationList = 12393EEE2A1B72FD00174AF7 /* Build configuration list for PBXNativeTarget "Rick and Morty" */;
			buildPhases = (
				12393ED62A1B72FB00174AF7 /* Sources */,
				12393ED72A1B72FB00174AF7 /* Frameworks */,
				12393ED82A1B72FB00174AF7 /* Resources */,
			);
			buildRules = (
			);
			dependencies = (
			);
			name = "Rick and Morty";
			productName = "Rick and Morty";
			productReference = 12393EDA2A1B72FB00174AF7 /* Rick and Morty.app */;
			productType = "com.apple.product-type.application";
		};
/* End PBXNativeTarget section */

/* Begin PBXProject section */
		12393ED22A1B72FB00174AF7 /* Project object */ = {
			isa = PBXProject;
			attributes = {
				BuildIndependentTargetsInParallel = 1;
				LastSwiftUpdateCheck = 1420;
				LastUpgradeCheck = 1420;
				TargetAttributes = {
					12393ED92A1B72FB00174AF7 = {
						CreatedOnToolsVersion = 14.2;
					};
				};
			};
			buildConfigurationList = 12393ED52A1B72FB00174AF7 /* Build configuration list for PBXProject "Rick and Morty" */;
			compatibilityVersion = "Xcode 14.0";
			developmentRegion = en;
			hasScannedForEncodings = 0;
			knownRegions = (
				en,
				Base,
			);
			mainGroup = 12393ED12A1B72FB00174AF7;
			productRefGroup = 12393EDB2A1B72FB00174AF7 /* Products */;
			projectDirPath = "";
			projectRoot = "";
			targets = (
				12393ED92A1B72FB00174AF7 /* Rick and Morty */,
			);
		};
/* End PBXProject section */

/* Begin PBXResourcesBuildPhase section */
		12393ED82A1B72FB00174AF7 /* Resources */ = {
			isa = PBXResourcesBuildPhase;
			buildActionMask = 2147483647;
			files = (
				12393EEA2A1B72FD00174AF7 /* LaunchScreen.storyboard in Resources */,
				12393EE72A1B72FD00174AF7 /* Assets.xcassets in Resources */,
			);
			runOnlyForDeploymentPostprocessing = 0;
		};
/* End PBXResourcesBuildPhase section */

/* Begin PBXSourcesBuildPhase section */
		12393ED62A1B72FB00174AF7 /* Sources */ = {
			isa = PBXSourcesBuildPhase;
			buildActionMask = 2147483647;
			files = (
				12C2017A2A4470050031FBF3 /* RMLocationViewController.swift in Sources */,
				1254202A2A446C9C0096FB93 /* RMEpisode.swift in Sources */,
				12393EE22A1B72FB00174AF7 /* RMTabViewController.swift in Sources */,
				12C2017C2A44704E0031FBF3 /* RMEpisodeViewController.swift in Sources */,
				12C201802A447D960031FBF3 /* RMSoundsViewController.swift in Sources */,
				12C2017E2A4471960031FBF3 /* RMSettingViewController.swift in Sources */,
				12393EDE2A1B72FB00174AF7 /* AppDelegate.swift in Sources */,
				12393EE02A1B72FB00174AF7 /* SceneDelegate.swift in Sources */,
				125420262A446C580096FB93 /* RMLocation.swift in Sources */,
				125420282A446C850096FB93 /* RMCharacter.swift in Sources */,
				12C201782A446FB60031FBF3 /* RMCharacterViewController.swift in Sources */,
			);
			runOnlyForDeploymentPostprocessing = 0;
		};
/* End PBXSourcesBuildPhase section */

/* Begin PBXVariantGroup section */
		12393EE82A1B72FD00174AF7 /* LaunchScreen.storyboard */ = {
			isa = PBXVariantGroup;
			children = (
				12393EE92A1B72FD00174AF7 /* Base */,
			);
			name = LaunchScreen.storyboard;
			sourceTree = "<group>";
		};
/* End PBXVariantGroup section */

/* Begin XCBuildConfiguration section */
		12393EEC2A1B72FD00174AF7 /* Debug */ = {
			isa = XCBuildConfiguration;
			buildSettings = {
				ALWAYS_SEARCH_USER_PATHS = NO;
				CLANG_ANALYZER_NONNULL = YES;
				CLANG_ANALYZER_NUMBER_OBJECT_CONVERSION = YES_AGGRESSIVE;
				CLANG_CXX_LANGUAGE_STANDARD = "gnu++20";
				CLANG_ENABLE_MODULES = YES;
				CLANG_ENABLE_OBJC_ARC = YES;
				CLANG_ENABLE_OBJC_WEAK = YES;
				CLANG_WARN_BLOCK_CAPTURE_AUTORELEASING = YES;
				CLANG_WARN_BOOL_CONVERSION = YES;
				CLANG_WARN_COMMA = YES;
				CLANG_WARN_CONSTANT_CONVERSION = YES;
				CLANG_WARN_DEPRECATED_OBJC_IMPLEMENTATIONS = YES;
				CLANG_WARN_DIRECT_OBJC_ISA_USAGE = YES_ERROR;
				CLANG_WARN_DOCUMENTATION_COMMENTS = YES;
				CLANG_WARN_EMPTY_BODY = YES;
				CLANG_WARN_ENUM_CONVERSION = YES;
				CLANG_WARN_INFINITE_RECURSION = YES;
				CLANG_WARN_INT_CONVERSION = YES;
				CLANG_WARN_NON_LITERAL_NULL_CONVERSION = YES;
				CLANG_WARN_OBJC_IMPLICIT_RETAIN_SELF = YES;
				CLANG_WARN_OBJC_LITERAL_CONVERSION = YES;
				CLANG_WARN_OBJC_ROOT_CLASS = YES_ERROR;
				CLANG_WARN_QUOTED_INCLUDE_IN_FRAMEWORK_HEADER = YES;
				CLANG_WARN_RANGE_LOOP_ANALYSIS = YES;
				CLANG_WARN_STRICT_PROTOTYPES = YES;
				CLANG_WARN_SUSPICIOUS_MOVE = YES;
				CLANG_WARN_UNGUARDED_AVAILABILITY = YES_AGGRESSIVE;
				CLANG_WARN_UNREACHABLE_CODE = YES;
				CLANG_WARN__DUPLICATE_METHOD_MATCH = YES;
				COPY_PHASE_STRIP = NO;
				DEBUG_INFORMATION_FORMAT = dwarf;
				ENABLE_STRICT_OBJC_MSGSEND = YES;
				ENABLE_TESTABILITY = YES;
				GCC_C_LANGUAGE_STANDARD = gnu11;
				GCC_DYNAMIC_NO_PIC = NO;
				GCC_NO_COMMON_BLOCKS = YES;
				GCC_OPTIMIZATION_LEVEL = 0;
				GCC_PREPROCESSOR_DEFINITIONS = (
					"DEBUG=1",
					"$(inherited)",
				);
				GCC_WARN_64_TO_32_BIT_CONVERSION = YES;
				GCC_WARN_ABOUT_RETURN_TYPE = YES_ERROR;
				GCC_WARN_UNDECLARED_SELECTOR = YES;
				GCC_WARN_UNINITIALIZED_AUTOS = YES_AGGRESSIVE;
				GCC_WARN_UNUSED_FUNCTION = YES;
				GCC_WARN_UNUSED_VARIABLE = YES;
				IPHONEOS_DEPLOYMENT_TARGET = 16.2;
				MTL_ENABLE_DEBUG_INFO = INCLUDE_SOURCE;
				MTL_FAST_MATH = YES;
				ONLY_ACTIVE_ARCH = YES;
				SDKROOT = iphoneos;
				SWIFT_ACTIVE_COMPILATION_CONDITIONS = DEBUG;
				SWIFT_OPTIMIZATION_LEVEL = "-Onone";
			};
			name = Debug;
		};
		12393EED2A1B72FD00174AF7 /* Release */ = {
			isa = XCBuildConfiguration;
			buildSettings = {
				ALWAYS_SEARCH_USER_PATHS = NO;
				CLANG_ANALYZER_NONNULL = YES;
				CLANG_ANALYZER_NUMBER_OBJECT_CONVERSION = YES_AGGRESSIVE;
				CLANG_CXX_LANGUAGE_STANDARD = "gnu++20";
				CLANG_ENABLE_MODULES = YES;
				CLANG_ENABLE_OBJC_ARC = YES;
				CLANG_ENABLE_OBJC_WEAK = YES;
				CLANG_WARN_BLOCK_CAPTURE_AUTORELEASING = YES;
				CLANG_WARN_BOOL_CONVERSION = YES;
				CLANG_WARN_COMMA = YES;
				CLANG_WARN_CONSTANT_CONVERSION = YES;
				CLANG_WARN_DEPRECATED_OBJC_IMPLEMENTATIONS = YES;
				CLANG_WARN_DIRECT_OBJC_ISA_USAGE = YES_ERROR;
				CLANG_WARN_DOCUMENTATION_COMMENTS = YES;
				CLANG_WARN_EMPTY_BODY = YES;
				CLANG_WARN_ENUM_CONVERSION = YES;
				CLANG_WARN_INFINITE_RECURSION = YES;
				CLANG_WARN_INT_CONVERSION = YES;
				CLANG_WARN_NON_LITERAL_NULL_CONVERSION = YES;
				CLANG_WARN_OBJC_IMPLICIT_RETAIN_SELF = YES;
				CLANG_WARN_OBJC_LITERAL_CONVERSION = YES;
				CLANG_WARN_OBJC_ROOT_CLASS = YES_ERROR;
				CLANG_WARN_QUOTED_INCLUDE_IN_FRAMEWORK_HEADER = YES;
				CLANG_WARN_RANGE_LOOP_ANALYSIS = YES;
				CLANG_WARN_STRICT_PROTOTYPES = YES;
				CLANG_WARN_SUSPICIOUS_MOVE = YES;
				CLANG_WARN_UNGUARDED_AVAILABILITY = YES_AGGRESSIVE;
				CLANG_WARN_UNREACHABLE_CODE = YES;
				CLANG_WARN__DUPLICATE_METHOD_MATCH = YES;
				COPY_PHASE_STRIP = NO;
				DEBUG_INFORMATION_FORMAT = "dwarf-with-dsym";
				ENABLE_NS_ASSERTIONS = NO;
				ENABLE_STRICT_OBJC_MSGSEND = YES;
				GCC_C_LANGUAGE_STANDARD = gnu11;
				GCC_NO_COMMON_BLOCKS = YES;
				GCC_WARN_64_TO_32_BIT_CONVERSION = YES;
				GCC_WARN_ABOUT_RETURN_TYPE = YES_ERROR;
				GCC_WARN_UNDECLARED_SELECTOR = YES;
				GCC_WARN_UNINITIALIZED_AUTOS = YES_AGGRESSIVE;
				GCC_WARN_UNUSED_FUNCTION = YES;
				GCC_WARN_UNUSED_VARIABLE = YES;
				IPHONEOS_DEPLOYMENT_TARGET = 16.2;
				MTL_ENABLE_DEBUG_INFO = NO;
				MTL_FAST_MATH = YES;
				SDKROOT = iphoneos;
				SWIFT_COMPILATION_MODE = wholemodule;
				SWIFT_OPTIMIZATION_LEVEL = "-O";
				VALIDATE_PRODUCT = YES;
			};
			name = Release;
		};
		12393EEF2A1B72FD00174AF7 /* Debug */ = {
			isa = XCBuildConfiguration;
			buildSettings = {
				ASSETCATALOG_COMPILER_APPICON_NAME = AppIcon;
				ASSETCATALOG_COMPILER_GLOBAL_ACCENT_COLOR_NAME = AccentColor;
				CODE_SIGN_STYLE = Automatic;
				CURRENT_PROJECT_VERSION = 1;
				DEVELOPMENT_TEAM = 4CC5W3SHPL;
				GENERATE_INFOPLIST_FILE = YES;
				INFOPLIST_FILE = "Rick and Morty/Info.plist";
				INFOPLIST_KEY_UIApplicationSupportsIndirectInputEvents = YES;
				INFOPLIST_KEY_UILaunchStoryboardName = LaunchScreen;
				INFOPLIST_KEY_UISupportedInterfaceOrientations_iPad = "UIInterfaceOrientationPortrait UIInterfaceOrientationPortraitUpsideDown UIInterfaceOrientationLandscapeLeft UIInterfaceOrientationLandscapeRight";
				INFOPLIST_KEY_UISupportedInterfaceOrientations_iPhone = "UIInterfaceOrientationPortrait UIInterfaceOrientationLandscapeLeft UIInterfaceOrientationLandscapeRight";
				LD_RUNPATH_SEARCH_PATHS = (
					"$(inherited)",
					"@executable_path/Frameworks",
				);
				MARKETING_VERSION = 1.0;
				PRODUCT_BUNDLE_IDENTIFIER = "qq.Rick-and-Morty";
				PRODUCT_NAME = "$(TARGET_NAME)";
				SWIFT_EMIT_LOC_STRINGS = YES;
				SWIFT_VERSION = 5.0;
				TARGETED_DEVICE_FAMILY = "1,2";
			};
			name = Debug;
		};
		12393EF02A1B72FD00174AF7 /* Release */ = {
			isa = XCBuildConfiguration;
			buildSettings = {
				ASSETCATALOG_COMPILER_APPICON_NAME = AppIcon;
				ASSETCATALOG_COMPILER_GLOBAL_ACCENT_COLOR_NAME = AccentColor;
				CODE_SIGN_STYLE = Automatic;
				CURRENT_PROJECT_VERSION = 1;
				DEVELOPMENT_TEAM = 4CC5W3SHPL;
				GENERATE_INFOPLIST_FILE = YES;
				INFOPLIST_FILE = "Rick and Morty/Info.plist";
				INFOPLIST_KEY_UIApplicationSupportsIndirectInputEvents = YES;
				INFOPLIST_KEY_UILaunchStoryboardName = LaunchScreen;
				INFOPLIST_KEY_UISupportedInterfaceOrientations_iPad = "UIInterfaceOrientationPortrait UIInterfaceOrientationPortraitUpsideDown UIInterfaceOrientationLandscapeLeft UIInterfaceOrientationLandscapeRight";
				INFOPLIST_KEY_UISupportedInterfaceOrientations_iPhone = "UIInterfaceOrientationPortrait UIInterfaceOrientationLandscapeLeft UIInterfaceOrientationLandscapeRight";
				LD_RUNPATH_SEARCH_PATHS = (
					"$(inherited)",
					"@executable_path/Frameworks",
				);
				MARKETING_VERSION = 1.0;
				PRODUCT_BUNDLE_IDENTIFIER = "qq.Rick-and-Morty";
				PRODUCT_NAME = "$(TARGET_NAME)";
				SWIFT_EMIT_LOC_STRINGS = YES;
				SWIFT_VERSION = 5.0;
				TARGETED_DEVICE_FAMILY = "1,2";
			};
			name = Release;
		};
/* End XCBuildConfiguration section */

/* Begin XCConfigurationList section */
		12393ED52A1B72FB00174AF7 /* Build configuration list for PBXProject "Rick and Morty" */ = {
			isa = XCConfigurationList;
			buildConfigurations = (
				12393EEC2A1B72FD00174AF7 /* Debug */,
				12393EED2A1B72FD00174AF7 /* Release */,
			);
			defaultConfigurationIsVisible = 0;
			defaultConfigurationName = Release;
		};
		12393EEE2A1B72FD00174AF7 /* Build configuration list for PBXNativeTarget "Rick and Morty" */ = {
			isa = XCConfigurationList;
			buildConfigurations = (
				12393EEF2A1B72FD00174AF7 /* Debug */,
				12393EF02A1B72FD00174AF7 /* Release */,
			);
			defaultConfigurationIsVisible = 0;
			defaultConfigurationName = Release;
		};
/* End XCConfigurationList section */
	};
	rootObject = 12393ED22A1B72FB00174AF7 /* Project object */;
}
